
Microsoft Visual Studio Solution File, Format Version 12.00
# Visual Studio 15
VisualStudioVersion = 15.0.28307.421
MinimumVisualStudioVersion = 10.0.40219.1
Project("{FAE04EC0-301F-11D3-BF4B-00C04F79EFBC}") = "EntourageAntiPattern", "EntourageAntiPattern\EntourageAntiPattern.csproj", "{ADCB3C9F-B8B7-43F9-9C37-A31FDC6E7BD0}"
EndProject
Project("{FAE04EC0-301F-11D3-BF4B-00C04F79EFBC}") = "Services", "Services\Services.csproj", "{64B810A0-1179-4394-9DA6-F041ED33D591}"
EndProject
Project("{FAE04EC0-301F-11D3-BF4B-00C04F79EFBC}") = "Domain", "Domain\Domain.csproj", "{EB255BC0-DB8C-428F-8EF4-BE7F4526DF4F}"
EndProject
Global
	GlobalSection(SolutionConfigurationPlatforms) = preSolution
		Debug|Any CPU = Debug|Any CPU
		Release|Any CPU = Release|Any CPU
	EndGlobalSection
	GlobalSection(ProjectConfigurationPlatforms) = postSolution
		{ADCB3C9F-B8B7-43F9-9C37-A31FDC6E7BD0}.Debug|Any CPU.ActiveCfg = Debug|Any CPU
		{ADCB3C9F-B8B7-43F9-9C37-A31FDC6E7BD0}.Debug|Any CPU.Build.0 = Debug|Any CPU
		{ADCB3C9F-B8B7-43F9-9C37-A31FDC6E7BD0}.Release|Any CPU.ActiveCfg = Release|Any CPU
		{ADCB3C9F-B8B7-43F9-9C37-A31FDC6E7BD0}.Release|Any CPU.Build.0 = Release|Any CPU
		{64B810A0-1179-4394-9DA6-F041ED33D591}.Debug|Any CPU.ActiveCfg = Debug|Any CPU
		{64B810A0-1179-4394-9DA6-F041ED33D591}.Debug|Any CPU.Build.0 = Debug|Any CPU
		{64B810A0-1179-4394-9DA6-F041ED33D591}.Release|Any CPU.ActiveCfg = Release|Any CPU
		{64B810A0-1179-4394-9DA6-F041ED33D591}.Release|Any CPU.Build.0 = Release|Any CPU
		{EB255BC0-DB8C-428F-8EF4-BE7F4526DF4F}.Debug|Any CPU.ActiveCfg = Debug|Any CPU
		{EB255BC0-DB8C-428F-8EF4-BE7F4526DF4F}.Debug|Any CPU.Build.0 = Debug|Any CPU
		{EB255BC0-DB8C-428F-8EF4-BE7F4526DF4F}.Release|Any CPU.ActiveCfg = Release|Any CPU
		{EB255BC0-DB8C-428F-8EF4-BE7F4526DF4F}.Release|Any CPU.Build.0 = Release|Any CPU
	EndGlobalSection
	GlobalSection(SolutionProperties) = preSolution
		HideSolutionNode = FALSE
	EndGlobalSection
	GlobalSection(ExtensibilityGlobals) = postSolution
		SolutionGuid = {F3CA288C-C175-4270-87A5-1D01ADB096FA}
	EndGlobalSection
EndGlobal
